<?xml version="1.0" encoding="UTF-8"?>
<!DOCTYPE plist PUBLIC "-//Apple//DTD PLIST 1.0//EN" "http://www.apple.com/DTDs/PropertyList-1.0.dtd">
<plist version="1.0">
<dict>
	<key>archiveVersion</key>
	<string>1</string>
	<key>classes</key>
	<dict/>
	<key>objectVersion</key>
	<string>46</string>
	<key>objects</key>
	<dict>
		<key>39F8A7578F8F40B8B3A2FC4E</key>
		<dict>
			<key>buildActionMask</key>
			<string>2147483647</string>
			<key>files</key>
			<array/>
			<key>inputPaths</key>
			<array/>
			<key>isa</key>
			<string>PBXShellScriptBuildPhase</string>
			<key>name</key>
			<string>Check Pods Manifest.lock</string>
			<key>outputPaths</key>
			<array/>
			<key>runOnlyForDeploymentPostprocessing</key>
			<string>0</string>
			<key>shellPath</key>
			<string>/bin/sh</string>
			<key>shellScript</key>
			<string>diff "${PODS_ROOT}/../Podfile.lock" "${PODS_ROOT}/Manifest.lock" &gt; /dev/null
if [[ $? != 0 ]] ; then
    cat &lt;&lt; EOM
error: The sandbox is not in sync with the Podfile.lock. Run 'pod install' or update your CocoaPods installation.
EOM
    exit 1
fi
</string>
			<key>showEnvVarsInLog</key>
			<string>0</string>
		</dict>
		<key>8DF85E2A427B479CBB56F09F</key>
		<dict>
			<key>buildActionMask</key>
			<string>2147483647</string>
			<key>files</key>
			<array/>
			<key>inputPaths</key>
			<array/>
			<key>isa</key>
			<string>PBXShellScriptBuildPhase</string>
			<key>name</key>
			<string>Copy Pods Resources</string>
			<key>outputPaths</key>
			<array/>
			<key>runOnlyForDeploymentPostprocessing</key>
			<string>0</string>
			<key>shellPath</key>
			<string>/bin/sh</string>
			<key>shellScript</key>
			<string>"${SRCROOT}/Pods/Pods-resources.sh"
</string>
			<key>showEnvVarsInLog</key>
			<string>0</string>
		</dict>
		<key>9C2648B43D9E4DD9B6F93BF4</key>
		<dict>
			<key>explicitFileType</key>
			<string>archive.ar</string>
			<key>includeInIndex</key>
			<string>0</string>
			<key>isa</key>
			<string>PBXFileReference</string>
			<key>path</key>
			<string>libPods.a</string>
			<key>sourceTree</key>
			<string>BUILT_PRODUCTS_DIR</string>
		</dict>
		<key>BE3DDAF54AE643AFA230BC81</key>
		<dict>
			<key>includeInIndex</key>
			<string>1</string>
			<key>isa</key>
			<string>PBXFileReference</string>
			<key>lastKnownFileType</key>
			<string>text.xcconfig</string>
			<key>name</key>
			<string>Pods.xcconfig</string>
			<key>path</key>
			<string>Pods/Pods.xcconfig</string>
			<key>sourceTree</key>
			<string>&lt;group&gt;</string>
		</dict>
		<key>C9C7AB6884384EFC8A1A0D0C</key>
		<dict>
			<key>fileRef</key>
			<string>9C2648B43D9E4DD9B6F93BF4</string>
			<key>isa</key>
			<string>PBXBuildFile</string>
		</dict>
		<key>E2151021189062870078FC9B</key>
		<dict>
			<key>children</key>
			<array>
				<string>E2477BE1188BED60008372C3</string>
				<string>E2477BE2188BED60008372C3</string>
				<string>E215102218906D400078FC9B</string>
				<string>E215102318906D400078FC9B</string>
			</array>
			<key>isa</key>
			<string>PBXGroup</string>
			<key>name</key>
			<string>ViewControllers</string>
			<key>sourceTree</key>
			<string>&lt;group&gt;</string>
		</dict>
		<key>E215102218906D400078FC9B</key>
		<dict>
			<key>fileEncoding</key>
			<string>4</string>
			<key>isa</key>
			<string>PBXFileReference</string>
			<key>lastKnownFileType</key>
			<string>sourcecode.c.h</string>
			<key>name</key>
			<string>MapViewController.h</string>
			<key>path</key>
			<string>ViewControllers/MapViewController.h</string>
			<key>sourceTree</key>
			<string>&lt;group&gt;</string>
		</dict>
		<key>E215102318906D400078FC9B</key>
		<dict>
			<key>fileEncoding</key>
			<string>4</string>
			<key>isa</key>
			<string>PBXFileReference</string>
			<key>lastKnownFileType</key>
			<string>sourcecode.c.objc</string>
			<key>name</key>
			<string>MapViewController.m</string>
			<key>path</key>
			<string>ViewControllers/MapViewController.m</string>
			<key>sourceTree</key>
			<string>&lt;group&gt;</string>
		</dict>
		<key>E215102418906D400078FC9B</key>
		<dict>
			<key>fileRef</key>
			<string>E215102318906D400078FC9B</string>
			<key>isa</key>
			<string>PBXBuildFile</string>
		</dict>
		<key>E215102518906F900078FC9B</key>
		<dict>
			<key>children</key>
			<array>
				<string>E2151026189070660078FC9B</string>
			</array>
			<key>isa</key>
			<string>PBXGroup</string>
			<key>name</key>
			<string>Resources</string>
			<key>sourceTree</key>
			<string>&lt;group&gt;</string>
		</dict>
		<key>E2151026189070660078FC9B</key>
		<dict>
			<key>isa</key>
			<string>PBXFileReference</string>
			<key>lastKnownFileType</key>
			<string>image.jpeg</string>
			<key>name</key>
			<string>ava.jpg</string>
			<key>path</key>
			<string>Resources/images/ava.jpg</string>
			<key>sourceTree</key>
			<string>&lt;group&gt;</string>
		</dict>
		<key>E2151027189070660078FC9B</key>
		<dict>
			<key>fileRef</key>
			<string>E2151026189070660078FC9B</string>
			<key>isa</key>
			<string>PBXBuildFile</string>
		</dict>
		<key>E2477BC0188BED60008372C3</key>
		<dict>
			<key>children</key>
			<array>
				<string>E2477BD2188BED60008372C3</string>
				<string>E2477BF1188BED60008372C3</string>
				<string>E2477BCB188BED60008372C3</string>
				<string>E2477BCA188BED60008372C3</string>
				<string>BE3DDAF54AE643AFA230BC81</string>
			</array>
			<key>isa</key>
			<string>PBXGroup</string>
			<key>sourceTree</key>
			<string>&lt;group&gt;</string>
		</dict>
		<key>E2477BC1188BED60008372C3</key>
		<dict>
			<key>attributes</key>
			<dict>
				<key>LastUpgradeCheck</key>
				<string>0500</string>
				<key>ORGANIZATIONNAME</key>
				<string>casperWWW</string>
				<key>TargetAttributes</key>
				<dict>
					<key>E2477BE9188BED60008372C3</key>
					<dict>
						<key>TestTargetID</key>
						<string>E2477BC8188BED60008372C3</string>
					</dict>
				</dict>
			</dict>
			<key>buildConfigurationList</key>
			<string>E2477BC4188BED60008372C3</string>
			<key>compatibilityVersion</key>
			<string>Xcode 3.2</string>
			<key>developmentRegion</key>
			<string>English</string>
			<key>hasScannedForEncodings</key>
			<string>0</string>
			<key>isa</key>
			<string>PBXProject</string>
			<key>knownRegions</key>
			<array>
				<string>en</string>
				<string>Base</string>
			</array>
			<key>mainGroup</key>
			<string>E2477BC0188BED60008372C3</string>
			<key>productRefGroup</key>
			<string>E2477BCA188BED60008372C3</string>
			<key>projectDirPath</key>
			<string></string>
			<key>projectReferences</key>
			<array/>
			<key>projectRoot</key>
			<string></string>
			<key>targets</key>
			<array>
				<string>E2477BC8188BED60008372C3</string>
				<string>E2477BE9188BED60008372C3</string>
			</array>
		</dict>
		<key>E2477BC4188BED60008372C3</key>
		<dict>
			<key>buildConfigurations</key>
			<array>
				<string>E2477BF9188BED60008372C3</string>
				<string>E2477BFA188BED60008372C3</string>
			</array>
			<key>defaultConfigurationIsVisible</key>
			<string>0</string>
			<key>defaultConfigurationName</key>
			<string>Release</string>
			<key>isa</key>
			<string>XCConfigurationList</string>
		</dict>
		<key>E2477BC5188BED60008372C3</key>
		<dict>
			<key>buildActionMask</key>
			<string>2147483647</string>
			<key>files</key>
			<array>
				<string>E2477C0A188BF05A008372C3</string>
				<string>E2477C0D188BF107008372C3</string>
				<string>E2477BE3188BED60008372C3</string>
				<string>E215102418906D400078FC9B</string>
				<string>E2477C04188BEF19008372C3</string>
				<string>E2477BDD188BED60008372C3</string>
				<string>E2477BD9188BED60008372C3</string>
				<string>E2477C07188BEFED008372C3</string>
			</array>
			<key>isa</key>
			<string>PBXSourcesBuildPhase</string>
			<key>runOnlyForDeploymentPostprocessing</key>
			<string>0</string>
		</dict>
		<key>E2477BC6188BED60008372C3</key>
		<dict>
			<key>buildActionMask</key>
			<string>2147483647</string>
			<key>files</key>
			<array>
				<string>E2477BCF188BED60008372C3</string>
				<string>E2477BD1188BED60008372C3</string>
				<string>E2477BCD188BED60008372C3</string>
				<string>C9C7AB6884384EFC8A1A0D0C</string>
			</array>
			<key>isa</key>
			<string>PBXFrameworksBuildPhase</string>
			<key>runOnlyForDeploymentPostprocessing</key>
			<string>0</string>
		</dict>
		<key>E2477BC7188BED60008372C3</key>
		<dict>
			<key>buildActionMask</key>
			<string>2147483647</string>
			<key>files</key>
			<array>
				<string>E2477BE5188BED60008372C3</string>
				<string>E2477BD7188BED60008372C3</string>
				<string>E2151027189070660078FC9B</string>
			</array>
			<key>isa</key>
			<string>PBXResourcesBuildPhase</string>
			<key>runOnlyForDeploymentPostprocessing</key>
			<string>0</string>
		</dict>
		<key>E2477BC8188BED60008372C3</key>
		<dict>
			<key>buildConfigurationList</key>
			<string>E2477BFB188BED60008372C3</string>
			<key>buildPhases</key>
			<array>
				<string>39F8A7578F8F40B8B3A2FC4E</string>
				<string>E2477BC5188BED60008372C3</string>
				<string>E2477BC6188BED60008372C3</string>
				<string>E2477BC7188BED60008372C3</string>
				<string>8DF85E2A427B479CBB56F09F</string>
			</array>
			<key>buildRules</key>
			<array/>
			<key>dependencies</key>
			<array/>
			<key>isa</key>
			<string>PBXNativeTarget</string>
			<key>name</key>
			<string>Marshrutki</string>
			<key>productName</key>
			<string>Marshrutki</string>
			<key>productReference</key>
			<string>E2477BC9188BED60008372C3</string>
			<key>productType</key>
			<string>com.apple.product-type.application</string>
		</dict>
		<key>E2477BC9188BED60008372C3</key>
		<dict>
			<key>explicitFileType</key>
			<string>wrapper.application</string>
			<key>includeInIndex</key>
			<string>0</string>
			<key>isa</key>
			<string>PBXFileReference</string>
			<key>path</key>
			<string>Marshrutki.app</string>
			<key>sourceTree</key>
			<string>BUILT_PRODUCTS_DIR</string>
		</dict>
		<key>E2477BCA188BED60008372C3</key>
		<dict>
			<key>children</key>
			<array>
				<string>E2477BC9188BED60008372C3</string>
				<string>E2477BEA188BED60008372C3</string>
			</array>
			<key>isa</key>
			<string>PBXGroup</string>
			<key>name</key>
			<string>Products</string>
			<key>sourceTree</key>
			<string>&lt;group&gt;</string>
		</dict>
		<key>E2477BCB188BED60008372C3</key>
		<dict>
			<key>children</key>
			<array>
				<string>E2651EF41890843400B7E5EA</string>
				<string>E2477BCC188BED60008372C3</string>
				<string>E2477BCE188BED60008372C3</string>
				<string>E2477BD0188BED60008372C3</string>
				<string>E2477BEB188BED60008372C3</string>
				<string>9C2648B43D9E4DD9B6F93BF4</string>
			</array>
			<key>isa</key>
			<string>PBXGroup</string>
			<key>name</key>
			<string>Frameworks</string>
			<key>sourceTree</key>
			<string>&lt;group&gt;</string>
		</dict>
		<key>E2477BCC188BED60008372C3</key>
		<dict>
			<key>isa</key>
			<string>PBXFileReference</string>
			<key>lastKnownFileType</key>
			<string>wrapper.framework</string>
			<key>name</key>
			<string>Foundation.framework</string>
			<key>path</key>
			<string>System/Library/Frameworks/Foundation.framework</string>
			<key>sourceTree</key>
			<string>SDKROOT</string>
		</dict>
		<key>E2477BCD188BED60008372C3</key>
		<dict>
			<key>fileRef</key>
			<string>E2477BCC188BED60008372C3</string>
			<key>isa</key>
			<string>PBXBuildFile</string>
		</dict>
		<key>E2477BCE188BED60008372C3</key>
		<dict>
			<key>isa</key>
			<string>PBXFileReference</string>
			<key>lastKnownFileType</key>
			<string>wrapper.framework</string>
			<key>name</key>
			<string>CoreGraphics.framework</string>
			<key>path</key>
			<string>System/Library/Frameworks/CoreGraphics.framework</string>
			<key>sourceTree</key>
			<string>SDKROOT</string>
		</dict>
		<key>E2477BCF188BED60008372C3</key>
		<dict>
			<key>fileRef</key>
			<string>E2477BCE188BED60008372C3</string>
			<key>isa</key>
			<string>PBXBuildFile</string>
		</dict>
		<key>E2477BD0188BED60008372C3</key>
		<dict>
			<key>isa</key>
			<string>PBXFileReference</string>
			<key>lastKnownFileType</key>
			<string>wrapper.framework</string>
			<key>name</key>
			<string>UIKit.framework</string>
			<key>path</key>
			<string>System/Library/Frameworks/UIKit.framework</string>
			<key>sourceTree</key>
			<string>SDKROOT</string>
		</dict>
		<key>E2477BD1188BED60008372C3</key>
		<dict>
			<key>fileRef</key>
			<string>E2477BD0188BED60008372C3</string>
			<key>isa</key>
			<string>PBXBuildFile</string>
		</dict>
		<key>E2477BD2188BED60008372C3</key>
		<dict>
			<key>children</key>
			<array>
				<string>E215102518906F900078FC9B</string>
				<string>E2151021189062870078FC9B</string>
				<string>E2477C01188BEDD3008372C3</string>
				<string>E2477BDB188BED60008372C3</string>
				<string>E2477BDC188BED60008372C3</string>
				<string>E2477BDE188BED60008372C3</string>
				<string>E2477BE4188BED60008372C3</string>
				<string>E2477BD3188BED60008372C3</string>
			</array>
			<key>isa</key>
			<string>PBXGroup</string>
			<key>path</key>
			<string>Marshrutki</string>
			<key>sourceTree</key>
			<string>&lt;group&gt;</string>
		</dict>
		<key>E2477BD3188BED60008372C3</key>
		<dict>
			<key>children</key>
			<array>
				<string>E2477BD4188BED60008372C3</string>
				<string>E2477BD5188BED60008372C3</string>
				<string>E2477BD8188BED60008372C3</string>
				<string>E2477BDA188BED60008372C3</string>
			</array>
			<key>isa</key>
			<string>PBXGroup</string>
			<key>name</key>
			<string>Supporting Files</string>
			<key>sourceTree</key>
			<string>&lt;group&gt;</string>
		</dict>
		<key>E2477BD4188BED60008372C3</key>
		<dict>
			<key>isa</key>
			<string>PBXFileReference</string>
			<key>lastKnownFileType</key>
			<string>text.plist.xml</string>
			<key>path</key>
			<string>Marshrutki-Info.plist</string>
			<key>sourceTree</key>
			<string>&lt;group&gt;</string>
		</dict>
		<key>E2477BD5188BED60008372C3</key>
		<dict>
			<key>children</key>
			<array>
				<string>E2477BD6188BED60008372C3</string>
			</array>
			<key>isa</key>
			<string>PBXVariantGroup</string>
			<key>name</key>
			<string>InfoPlist.strings</string>
			<key>sourceTree</key>
			<string>&lt;group&gt;</string>
		</dict>
		<key>E2477BD6188BED60008372C3</key>
		<dict>
			<key>isa</key>
			<string>PBXFileReference</string>
			<key>lastKnownFileType</key>
			<string>text.plist.strings</string>
			<key>name</key>
			<string>en</string>
			<key>path</key>
			<string>en.lproj/InfoPlist.strings</string>
			<key>sourceTree</key>
			<string>&lt;group&gt;</string>
		</dict>
		<key>E2477BD7188BED60008372C3</key>
		<dict>
			<key>fileRef</key>
			<string>E2477BD5188BED60008372C3</string>
			<key>isa</key>
			<string>PBXBuildFile</string>
		</dict>
		<key>E2477BD8188BED60008372C3</key>
		<dict>
			<key>isa</key>
			<string>PBXFileReference</string>
			<key>lastKnownFileType</key>
			<string>sourcecode.c.objc</string>
			<key>path</key>
			<string>main.m</string>
			<key>sourceTree</key>
			<string>&lt;group&gt;</string>
		</dict>
		<key>E2477BD9188BED60008372C3</key>
		<dict>
			<key>fileRef</key>
			<string>E2477BD8188BED60008372C3</string>
			<key>isa</key>
			<string>PBXBuildFile</string>
		</dict>
		<key>E2477BDA188BED60008372C3</key>
		<dict>
			<key>isa</key>
			<string>PBXFileReference</string>
			<key>lastKnownFileType</key>
			<string>sourcecode.c.h</string>
			<key>path</key>
			<string>Marshrutki-Prefix.pch</string>
			<key>sourceTree</key>
			<string>&lt;group&gt;</string>
		</dict>
		<key>E2477BDB188BED60008372C3</key>
		<dict>
			<key>isa</key>
			<string>PBXFileReference</string>
			<key>lastKnownFileType</key>
			<string>sourcecode.c.h</string>
			<key>path</key>
			<string>AppDelegate.h</string>
			<key>sourceTree</key>
			<string>&lt;group&gt;</string>
		</dict>
		<key>E2477BDC188BED60008372C3</key>
		<dict>
			<key>isa</key>
			<string>PBXFileReference</string>
			<key>lastKnownFileType</key>
			<string>sourcecode.c.objc</string>
			<key>path</key>
			<string>AppDelegate.m</string>
			<key>sourceTree</key>
			<string>&lt;group&gt;</string>
		</dict>
		<key>E2477BDD188BED60008372C3</key>
		<dict>
			<key>fileRef</key>
			<string>E2477BDC188BED60008372C3</string>
			<key>isa</key>
			<string>PBXBuildFile</string>
		</dict>
		<key>E2477BDE188BED60008372C3</key>
		<dict>
			<key>children</key>
			<array>
				<string>E2477BDF188BED60008372C3</string>
			</array>
			<key>isa</key>
			<string>PBXVariantGroup</string>
			<key>name</key>
			<string>Main.storyboard</string>
			<key>sourceTree</key>
			<string>&lt;group&gt;</string>
		</dict>
		<key>E2477BDF188BED60008372C3</key>
		<dict>
			<key>isa</key>
			<string>PBXFileReference</string>
			<key>lastKnownFileType</key>
			<string>file.storyboard</string>
			<key>name</key>
			<string>Base</string>
			<key>path</key>
			<string>Base.lproj/Main.storyboard</string>
			<key>sourceTree</key>
			<string>&lt;group&gt;</string>
		</dict>
		<key>E2477BE1188BED60008372C3</key>
		<dict>
			<key>isa</key>
			<string>PBXFileReference</string>
			<key>lastKnownFileType</key>
			<string>sourcecode.c.h</string>
			<key>path</key>
			<string>LoginViewController.h</string>
			<key>sourceTree</key>
			<string>&lt;group&gt;</string>
		</dict>
		<key>E2477BE2188BED60008372C3</key>
		<dict>
			<key>isa</key>
			<string>PBXFileReference</string>
			<key>lastKnownFileType</key>
			<string>sourcecode.c.objc</string>
			<key>path</key>
			<string>LoginViewController.m</string>
			<key>sourceTree</key>
			<string>&lt;group&gt;</string>
		</dict>
		<key>E2477BE3188BED60008372C3</key>
		<dict>
			<key>fileRef</key>
			<string>E2477BE2188BED60008372C3</string>
			<key>isa</key>
			<string>PBXBuildFile</string>
		</dict>
		<key>E2477BE4188BED60008372C3</key>
		<dict>
			<key>isa</key>
			<string>PBXFileReference</string>
			<key>lastKnownFileType</key>
			<string>folder.assetcatalog</string>
			<key>path</key>
			<string>Images.xcassets</string>
			<key>sourceTree</key>
			<string>&lt;group&gt;</string>
		</dict>
		<key>E2477BE5188BED60008372C3</key>
		<dict>
			<key>fileRef</key>
			<string>E2477BE4188BED60008372C3</string>
			<key>isa</key>
			<string>PBXBuildFile</string>
		</dict>
		<key>E2477BE6188BED60008372C3</key>
		<dict>
			<key>buildActionMask</key>
			<string>2147483647</string>
			<key>files</key>
			<array>
				<string>E2477BF8188BED60008372C3</string>
			</array>
			<key>isa</key>
			<string>PBXSourcesBuildPhase</string>
			<key>runOnlyForDeploymentPostprocessing</key>
			<string>0</string>
		</dict>
		<key>E2477BE7188BED60008372C3</key>
		<dict>
			<key>buildActionMask</key>
			<string>2147483647</string>
			<key>files</key>
			<array>
				<string>E2477BEC188BED60008372C3</string>
				<string>E2477BEE188BED60008372C3</string>
				<string>E2477BED188BED60008372C3</string>
			</array>
			<key>isa</key>
			<string>PBXFrameworksBuildPhase</string>
			<key>runOnlyForDeploymentPostprocessing</key>
			<string>0</string>
		</dict>
		<key>E2477BE8188BED60008372C3</key>
		<dict>
			<key>buildActionMask</key>
			<string>2147483647</string>
			<key>files</key>
			<array>
				<string>E2477BF6188BED60008372C3</string>
			</array>
			<key>isa</key>
			<string>PBXResourcesBuildPhase</string>
			<key>runOnlyForDeploymentPostprocessing</key>
			<string>0</string>
		</dict>
		<key>E2477BE9188BED60008372C3</key>
		<dict>
			<key>buildConfigurationList</key>
			<string>E2477BFE188BED60008372C3</string>
			<key>buildPhases</key>
			<array>
				<string>E2477BE6188BED60008372C3</string>
				<string>E2477BE7188BED60008372C3</string>
				<string>E2477BE8188BED60008372C3</string>
			</array>
			<key>buildRules</key>
			<array/>
			<key>dependencies</key>
			<array>
				<string>E2477BF0188BED60008372C3</string>
			</array>
			<key>isa</key>
			<string>PBXNativeTarget</string>
			<key>name</key>
			<string>MarshrutkiTests</string>
			<key>productName</key>
			<string>MarshrutkiTests</string>
			<key>productReference</key>
			<string>E2477BEA188BED60008372C3</string>
			<key>productType</key>
			<string>com.apple.product-type.bundle.unit-test</string>
		</dict>
		<key>E2477BEA188BED60008372C3</key>
		<dict>
			<key>explicitFileType</key>
			<string>wrapper.cfbundle</string>
			<key>includeInIndex</key>
			<string>0</string>
			<key>isa</key>
			<string>PBXFileReference</string>
			<key>path</key>
			<string>MarshrutkiTests.xctest</string>
			<key>sourceTree</key>
			<string>BUILT_PRODUCTS_DIR</string>
		</dict>
		<key>E2477BEB188BED60008372C3</key>
		<dict>
			<key>isa</key>
			<string>PBXFileReference</string>
			<key>lastKnownFileType</key>
			<string>wrapper.framework</string>
			<key>name</key>
			<string>XCTest.framework</string>
			<key>path</key>
			<string>Library/Frameworks/XCTest.framework</string>
			<key>sourceTree</key>
			<string>DEVELOPER_DIR</string>
		</dict>
		<key>E2477BEC188BED60008372C3</key>
		<dict>
			<key>fileRef</key>
			<string>E2477BEB188BED60008372C3</string>
			<key>isa</key>
			<string>PBXBuildFile</string>
		</dict>
		<key>E2477BED188BED60008372C3</key>
		<dict>
			<key>fileRef</key>
			<string>E2477BCC188BED60008372C3</string>
			<key>isa</key>
			<string>PBXBuildFile</string>
		</dict>
		<key>E2477BEE188BED60008372C3</key>
		<dict>
			<key>fileRef</key>
			<string>E2477BD0188BED60008372C3</string>
			<key>isa</key>
			<string>PBXBuildFile</string>
		</dict>
		<key>E2477BEF188BED60008372C3</key>
		<dict>
			<key>containerPortal</key>
			<string>E2477BC1188BED60008372C3</string>
			<key>isa</key>
			<string>PBXContainerItemProxy</string>
			<key>proxyType</key>
			<string>1</string>
			<key>remoteGlobalIDString</key>
			<string>E2477BC8188BED60008372C3</string>
			<key>remoteInfo</key>
			<string>Marshrutki</string>
		</dict>
		<key>E2477BF0188BED60008372C3</key>
		<dict>
			<key>isa</key>
			<string>PBXTargetDependency</string>
			<key>target</key>
			<string>E2477BC8188BED60008372C3</string>
			<key>targetProxy</key>
			<string>E2477BEF188BED60008372C3</string>
		</dict>
		<key>E2477BF1188BED60008372C3</key>
		<dict>
			<key>children</key>
			<array>
				<string>E2477BF7188BED60008372C3</string>
				<string>E2477BF2188BED60008372C3</string>
			</array>
			<key>isa</key>
			<string>PBXGroup</string>
			<key>path</key>
			<string>MarshrutkiTests</string>
			<key>sourceTree</key>
			<string>&lt;group&gt;</string>
		</dict>
		<key>E2477BF2188BED60008372C3</key>
		<dict>
			<key>children</key>
			<array>
				<string>E2477BF3188BED60008372C3</string>
				<string>E2477BF4188BED60008372C3</string>
			</array>
			<key>isa</key>
			<string>PBXGroup</string>
			<key>name</key>
			<string>Supporting Files</string>
			<key>sourceTree</key>
			<string>&lt;group&gt;</string>
		</dict>
		<key>E2477BF3188BED60008372C3</key>
		<dict>
			<key>isa</key>
			<string>PBXFileReference</string>
			<key>lastKnownFileType</key>
			<string>text.plist.xml</string>
			<key>path</key>
			<string>MarshrutkiTests-Info.plist</string>
			<key>sourceTree</key>
			<string>&lt;group&gt;</string>
		</dict>
		<key>E2477BF4188BED60008372C3</key>
		<dict>
			<key>children</key>
			<array>
				<string>E2477BF5188BED60008372C3</string>
			</array>
			<key>isa</key>
			<string>PBXVariantGroup</string>
			<key>name</key>
			<string>InfoPlist.strings</string>
			<key>sourceTree</key>
			<string>&lt;group&gt;</string>
		</dict>
		<key>E2477BF5188BED60008372C3</key>
		<dict>
			<key>isa</key>
			<string>PBXFileReference</string>
			<key>lastKnownFileType</key>
			<string>text.plist.strings</string>
			<key>name</key>
			<string>en</string>
			<key>path</key>
			<string>en.lproj/InfoPlist.strings</string>
			<key>sourceTree</key>
			<string>&lt;group&gt;</string>
		</dict>
		<key>E2477BF6188BED60008372C3</key>
		<dict>
			<key>fileRef</key>
			<string>E2477BF4188BED60008372C3</string>
			<key>isa</key>
			<string>PBXBuildFile</string>
		</dict>
		<key>E2477BF7188BED60008372C3</key>
		<dict>
			<key>isa</key>
			<string>PBXFileReference</string>
			<key>lastKnownFileType</key>
			<string>sourcecode.c.objc</string>
			<key>path</key>
			<string>MarshrutkiTests.m</string>
			<key>sourceTree</key>
			<string>&lt;group&gt;</string>
		</dict>
		<key>E2477BF8188BED60008372C3</key>
		<dict>
			<key>fileRef</key>
			<string>E2477BF7188BED60008372C3</string>
			<key>isa</key>
			<string>PBXBuildFile</string>
		</dict>
		<key>E2477BF9188BED60008372C3</key>
		<dict>
			<key>buildSettings</key>
			<dict>
				<key>ALWAYS_SEARCH_USER_PATHS</key>
				<string>NO</string>
				<key>ARCHS</key>
				<string>$(ARCHS_STANDARD_INCLUDING_64_BIT)</string>
				<key>CLANG_CXX_LANGUAGE_STANDARD</key>
				<string>gnu++0x</string>
				<key>CLANG_CXX_LIBRARY</key>
				<string>libc++</string>
				<key>CLANG_ENABLE_MODULES</key>
				<string>YES</string>
				<key>CLANG_ENABLE_OBJC_ARC</key>
				<string>YES</string>
				<key>CLANG_WARN_BOOL_CONVERSION</key>
				<string>YES</string>
				<key>CLANG_WARN_CONSTANT_CONVERSION</key>
				<string>YES</string>
				<key>CLANG_WARN_DIRECT_OBJC_ISA_USAGE</key>
				<string>YES_ERROR</string>
				<key>CLANG_WARN_EMPTY_BODY</key>
				<string>YES</string>
				<key>CLANG_WARN_ENUM_CONVERSION</key>
				<string>YES</string>
				<key>CLANG_WARN_INT_CONVERSION</key>
				<string>YES</string>
				<key>CLANG_WARN_OBJC_ROOT_CLASS</key>
				<string>YES_ERROR</string>
				<key>CLANG_WARN__DUPLICATE_METHOD_MATCH</key>
				<string>YES</string>
				<key>CODE_SIGN_IDENTITY[sdk=iphoneos*]</key>
				<string>iPhone Developer</string>
				<key>COPY_PHASE_STRIP</key>
				<string>NO</string>
				<key>GCC_C_LANGUAGE_STANDARD</key>
				<string>gnu99</string>
				<key>GCC_DYNAMIC_NO_PIC</key>
				<string>NO</string>
				<key>GCC_OPTIMIZATION_LEVEL</key>
				<string>0</string>
				<key>GCC_PREPROCESSOR_DEFINITIONS</key>
				<array>
					<string>DEBUG=1</string>
					<string>$(inherited)</string>
				</array>
				<key>GCC_SYMBOLS_PRIVATE_EXTERN</key>
				<string>NO</string>
				<key>GCC_WARN_64_TO_32_BIT_CONVERSION</key>
				<string>YES</string>
				<key>GCC_WARN_ABOUT_RETURN_TYPE</key>
				<string>YES_ERROR</string>
				<key>GCC_WARN_UNDECLARED_SELECTOR</key>
				<string>YES</string>
				<key>GCC_WARN_UNINITIALIZED_AUTOS</key>
				<string>YES</string>
				<key>GCC_WARN_UNUSED_FUNCTION</key>
				<string>YES</string>
				<key>GCC_WARN_UNUSED_VARIABLE</key>
				<string>YES</string>
				<key>IPHONEOS_DEPLOYMENT_TARGET</key>
				<string>7.0</string>
				<key>ONLY_ACTIVE_ARCH</key>
				<string>YES</string>
				<key>SDKROOT</key>
				<string>iphoneos</string>
			</dict>
			<key>isa</key>
			<string>XCBuildConfiguration</string>
			<key>name</key>
			<string>Debug</string>
		</dict>
		<key>E2477BFA188BED60008372C3</key>
		<dict>
			<key>buildSettings</key>
			<dict>
				<key>ALWAYS_SEARCH_USER_PATHS</key>
				<string>NO</string>
				<key>ARCHS</key>
				<string>$(ARCHS_STANDARD_INCLUDING_64_BIT)</string>
				<key>CLANG_CXX_LANGUAGE_STANDARD</key>
				<string>gnu++0x</string>
				<key>CLANG_CXX_LIBRARY</key>
				<string>libc++</string>
				<key>CLANG_ENABLE_MODULES</key>
				<string>YES</string>
				<key>CLANG_ENABLE_OBJC_ARC</key>
				<string>YES</string>
				<key>CLANG_WARN_BOOL_CONVERSION</key>
				<string>YES</string>
				<key>CLANG_WARN_CONSTANT_CONVERSION</key>
				<string>YES</string>
				<key>CLANG_WARN_DIRECT_OBJC_ISA_USAGE</key>
				<string>YES_ERROR</string>
				<key>CLANG_WARN_EMPTY_BODY</key>
				<string>YES</string>
				<key>CLANG_WARN_ENUM_CONVERSION</key>
				<string>YES</string>
				<key>CLANG_WARN_INT_CONVERSION</key>
				<string>YES</string>
				<key>CLANG_WARN_OBJC_ROOT_CLASS</key>
				<string>YES_ERROR</string>
				<key>CLANG_WARN__DUPLICATE_METHOD_MATCH</key>
				<string>YES</string>
				<key>CODE_SIGN_IDENTITY[sdk=iphoneos*]</key>
				<string>iPhone Developer</string>
				<key>COPY_PHASE_STRIP</key>
				<string>YES</string>
				<key>ENABLE_NS_ASSERTIONS</key>
				<string>NO</string>
				<key>GCC_C_LANGUAGE_STANDARD</key>
				<string>gnu99</string>
				<key>GCC_WARN_64_TO_32_BIT_CONVERSION</key>
				<string>YES</string>
				<key>GCC_WARN_ABOUT_RETURN_TYPE</key>
				<string>YES_ERROR</string>
				<key>GCC_WARN_UNDECLARED_SELECTOR</key>
				<string>YES</string>
				<key>GCC_WARN_UNINITIALIZED_AUTOS</key>
				<string>YES</string>
				<key>GCC_WARN_UNUSED_FUNCTION</key>
				<string>YES</string>
				<key>GCC_WARN_UNUSED_VARIABLE</key>
				<string>YES</string>
				<key>IPHONEOS_DEPLOYMENT_TARGET</key>
				<string>7.0</string>
				<key>SDKROOT</key>
				<string>iphoneos</string>
				<key>VALIDATE_PRODUCT</key>
				<string>YES</string>
			</dict>
			<key>isa</key>
			<string>XCBuildConfiguration</string>
			<key>name</key>
			<string>Release</string>
		</dict>
		<key>E2477BFB188BED60008372C3</key>
		<dict>
			<key>buildConfigurations</key>
			<array>
				<string>E2477BFC188BED60008372C3</string>
				<string>E2477BFD188BED60008372C3</string>
			</array>
			<key>defaultConfigurationIsVisible</key>
			<string>0</string>
			<key>defaultConfigurationName</key>
			<string>Release</string>
			<key>isa</key>
			<string>XCConfigurationList</string>
		</dict>
		<key>E2477BFC188BED60008372C3</key>
		<dict>
			<key>baseConfigurationReference</key>
			<string>BE3DDAF54AE643AFA230BC81</string>
			<key>buildSettings</key>
			<dict>
				<key>ASSETCATALOG_COMPILER_APPICON_NAME</key>
				<string>AppIcon</string>
				<key>ASSETCATALOG_COMPILER_LAUNCHIMAGE_NAME</key>
				<string>LaunchImage</string>
				<key>GCC_PRECOMPILE_PREFIX_HEADER</key>
				<string>YES</string>
				<key>GCC_PREFIX_HEADER</key>
				<string>Marshrutki/Marshrutki-Prefix.pch</string>
				<key>INFOPLIST_FILE</key>
				<string>$(SRCROOT)/Marshrutki/Marshrutki-Info.plist</string>
				<key>PRODUCT_NAME</key>
				<string>$(TARGET_NAME)</string>
				<key>WRAPPER_EXTENSION</key>
				<string>app</string>
			</dict>
			<key>isa</key>
			<string>XCBuildConfiguration</string>
			<key>name</key>
			<string>Debug</string>
		</dict>
		<key>E2477BFD188BED60008372C3</key>
		<dict>
			<key>baseConfigurationReference</key>
			<string>BE3DDAF54AE643AFA230BC81</string>
			<key>buildSettings</key>
			<dict>
				<key>ASSETCATALOG_COMPILER_APPICON_NAME</key>
				<string>AppIcon</string>
				<key>ASSETCATALOG_COMPILER_LAUNCHIMAGE_NAME</key>
				<string>LaunchImage</string>
				<key>GCC_PRECOMPILE_PREFIX_HEADER</key>
				<string>YES</string>
				<key>GCC_PREFIX_HEADER</key>
				<string>Marshrutki/Marshrutki-Prefix.pch</string>
				<key>INFOPLIST_FILE</key>
				<string>$(SRCROOT)/Marshrutki/Marshrutki-Info.plist</string>
				<key>PRODUCT_NAME</key>
				<string>$(TARGET_NAME)</string>
				<key>WRAPPER_EXTENSION</key>
				<string>app</string>
			</dict>
			<key>isa</key>
			<string>XCBuildConfiguration</string>
			<key>name</key>
			<string>Release</string>
		</dict>
		<key>E2477BFE188BED60008372C3</key>
		<dict>
			<key>buildConfigurations</key>
			<array>
				<string>E2477BFF188BED60008372C3</string>
				<string>E2477C00188BED60008372C3</string>
			</array>
			<key>defaultConfigurationIsVisible</key>
			<string>0</string>
			<key>defaultConfigurationName</key>
			<string>Release</string>
			<key>isa</key>
			<string>XCConfigurationList</string>
		</dict>
		<key>E2477BFF188BED60008372C3</key>
		<dict>
			<key>buildSettings</key>
			<dict>
				<key>ARCHS</key>
				<string>$(ARCHS_STANDARD_INCLUDING_64_BIT)</string>
				<key>BUNDLE_LOADER</key>
				<string>$(BUILT_PRODUCTS_DIR)/Marshrutki.app/Marshrutki</string>
				<key>FRAMEWORK_SEARCH_PATHS</key>
				<array>
					<string>$(SDKROOT)/Developer/Library/Frameworks</string>
					<string>$(inherited)</string>
					<string>$(DEVELOPER_FRAMEWORKS_DIR)</string>
				</array>
				<key>GCC_PRECOMPILE_PREFIX_HEADER</key>
				<string>YES</string>
				<key>GCC_PREFIX_HEADER</key>
				<string>Marshrutki/Marshrutki-Prefix.pch</string>
				<key>GCC_PREPROCESSOR_DEFINITIONS</key>
				<array>
					<string>DEBUG=1</string>
					<string>$(inherited)</string>
				</array>
				<key>INFOPLIST_FILE</key>
				<string>MarshrutkiTests/MarshrutkiTests-Info.plist</string>
				<key>PRODUCT_NAME</key>
				<string>$(TARGET_NAME)</string>
				<key>TEST_HOST</key>
				<string>$(BUNDLE_LOADER)</string>
				<key>WRAPPER_EXTENSION</key>
				<string>xctest</string>
			</dict>
			<key>isa</key>
			<string>XCBuildConfiguration</string>
			<key>name</key>
			<string>Debug</string>
		</dict>
		<key>E2477C00188BED60008372C3</key>
		<dict>
			<key>buildSettings</key>
			<dict>
				<key>ARCHS</key>
				<string>$(ARCHS_STANDARD_INCLUDING_64_BIT)</string>
				<key>BUNDLE_LOADER</key>
				<string>$(BUILT_PRODUCTS_DIR)/Marshrutki.app/Marshrutki</string>
				<key>FRAMEWORK_SEARCH_PATHS</key>
				<array>
					<string>$(SDKROOT)/Developer/Library/Frameworks</string>
					<string>$(inherited)</string>
					<string>$(DEVELOPER_FRAMEWORKS_DIR)</string>
				</array>
				<key>GCC_PRECOMPILE_PREFIX_HEADER</key>
				<string>YES</string>
				<key>GCC_PREFIX_HEADER</key>
				<string>Marshrutki/Marshrutki-Prefix.pch</string>
				<key>INFOPLIST_FILE</key>
				<string>MarshrutkiTests/MarshrutkiTests-Info.plist</string>
				<key>PRODUCT_NAME</key>
				<string>$(TARGET_NAME)</string>
				<key>TEST_HOST</key>
				<string>$(BUNDLE_LOADER)</string>
				<key>WRAPPER_EXTENSION</key>
				<string>xctest</string>
			</dict>
			<key>isa</key>
			<string>XCBuildConfiguration</string>
			<key>name</key>
			<string>Release</string>
		</dict>
		<key>E2477C01188BEDD3008372C3</key>
		<dict>
			<key>children</key>
			<array>
				<string>E2477C02188BEF19008372C3</string>
				<string>E2477C03188BEF19008372C3</string>
				<string>E2477C05188BEFED008372C3</string>
				<string>E2477C06188BEFED008372C3</string>
				<string>E2477C08188BF05A008372C3</string>
				<string>E2477C09188BF05A008372C3</string>
				<string>E2477C0B188BF107008372C3</string>
				<string>E2477C0C188BF107008372C3</string>
			</array>
			<key>isa</key>
			<string>PBXGroup</string>
			<key>name</key>
			<string>Model</string>
			<key>sourceTree</key>
			<string>&lt;group&gt;</string>
		</dict>
		<key>E2477C02188BEF19008372C3</key>
		<dict>
			<key>fileEncoding</key>
			<string>4</string>
			<key>isa</key>
			<string>PBXFileReference</string>
			<key>lastKnownFileType</key>
			<string>sourcecode.c.h</string>
			<key>name</key>
			<string>Route.h</string>
			<key>path</key>
			<string>Model/Route.h</string>
			<key>sourceTree</key>
			<string>&lt;group&gt;</string>
		</dict>
		<key>E2477C03188BEF19008372C3</key>
		<dict>
			<key>fileEncoding</key>
			<string>4</string>
			<key>isa</key>
			<string>PBXFileReference</string>
			<key>lastKnownFileType</key>
			<string>sourcecode.c.objc</string>
			<key>name</key>
			<string>Route.m</string>
			<key>path</key>
			<string>Model/Route.m</string>
			<key>sourceTree</key>
			<string>&lt;group&gt;</string>
		</dict>
		<key>E2477C04188BEF19008372C3</key>
		<dict>
			<key>fileRef</key>
			<string>E2477C03188BEF19008372C3</string>
			<key>isa</key>
			<string>PBXBuildFile</string>
		</dict>
		<key>E2477C05188BEFED008372C3</key>
		<dict>
			<key>fileEncoding</key>
			<string>4</string>
			<key>isa</key>
			<string>PBXFileReference</string>
			<key>lastKnownFileType</key>
			<string>sourcecode.c.h</string>
			<key>name</key>
			<string>Vehicle.h</string>
			<key>path</key>
			<string>Model/Vehicle.h</string>
			<key>sourceTree</key>
			<string>&lt;group&gt;</string>
		</dict>
		<key>E2477C06188BEFED008372C3</key>
		<dict>
			<key>fileEncoding</key>
			<string>4</string>
			<key>isa</key>
			<string>PBXFileReference</string>
			<key>lastKnownFileType</key>
			<string>sourcecode.c.objc</string>
			<key>name</key>
			<string>Vehicle.m</string>
			<key>path</key>
			<string>Model/Vehicle.m</string>
			<key>sourceTree</key>
			<string>&lt;group&gt;</string>
		</dict>
		<key>E2477C07188BEFED008372C3</key>
		<dict>
			<key>fileRef</key>
			<string>E2477C06188BEFED008372C3</string>
			<key>isa</key>
			<string>PBXBuildFile</string>
		</dict>
		<key>E2477C08188BF05A008372C3</key>
		<dict>
			<key>fileEncoding</key>
			<string>4</string>
			<key>isa</key>
			<string>PBXFileReference</string>
			<key>lastKnownFileType</key>
			<string>sourcecode.c.h</string>
			<key>name</key>
			<string>Bus.h</string>
			<key>path</key>
			<string>Model/Bus.h</string>
			<key>sourceTree</key>
			<string>&lt;group&gt;</string>
		</dict>
		<key>E2477C09188BF05A008372C3</key>
		<dict>
			<key>fileEncoding</key>
			<string>4</string>
			<key>isa</key>
			<string>PBXFileReference</string>
			<key>lastKnownFileType</key>
			<string>sourcecode.c.objc</string>
			<key>name</key>
			<string>Bus.m</string>
			<key>path</key>
			<string>Model/Bus.m</string>
			<key>sourceTree</key>
			<string>&lt;group&gt;</string>
		</dict>
		<key>E2477C0A188BF05A008372C3</key>
		<dict>
			<key>fileRef</key>
			<string>E2477C09188BF05A008372C3</string>
			<key>isa</key>
			<string>PBXBuildFile</string>
		</dict>
		<key>E2477C0B188BF107008372C3</key>
		<dict>
			<key>fileEncoding</key>
			<string>4</string>
			<key>isa</key>
			<string>PBXFileReference</string>
			<key>lastKnownFileType</key>
			<string>sourcecode.c.h</string>
			<key>name</key>
			<string>User.h</string>
			<key>path</key>
			<string>Model/User.h</string>
			<key>sourceTree</key>
			<string>&lt;group&gt;</string>
		</dict>
		<key>E2477C0C188BF107008372C3</key>
		<dict>
			<key>fileEncoding</key>
			<string>4</string>
			<key>isa</key>
			<string>PBXFileReference</string>
			<key>lastKnownFileType</key>
			<string>sourcecode.c.objc</string>
			<key>name</key>
			<string>User.m</string>
			<key>path</key>
			<string>Model/User.m</string>
			<key>sourceTree</key>
			<string>&lt;group&gt;</string>
		</dict>
		<key>E2477C0D188BF107008372C3</key>
		<dict>
			<key>fileRef</key>
			<string>E2477C0C188BF107008372C3</string>
			<key>isa</key>
			<string>PBXBuildFile</string>
		</dict>
		<key>E2651EF41890843400B7E5EA</key>
		<dict>
			<key>isa</key>
			<string>PBXFileReference</string>
			<key>lastKnownFileType</key>
			<string>archive.ar</string>
			<key>name</key>
			<string>libPods.a</string>
			<key>path</key>
			<string>Pods/build/Debug-iphoneos/libPods.a</string>
			<key>sourceTree</key>
			<string>&lt;group&gt;</string>
		</dict>
	</dict>
	<key>rootObject</key>
	<string>E2477BC1188BED60008372C3</string>
</dict>
</plist>
