// !$*UTF8*$!
{
	archiveVersion = 1;
	classes = {
	};
	objectVersion = 46;
	objects = {

/* Begin PBXBuildFile section */
		C9C7AB6884384EFC8A1A0D0C /* libPods.a in Frameworks */ = {isa = PBXBuildFile; fileRef = 9C2648B43D9E4DD9B6F93BF4 /* libPods.a */; };
		E215102418906D400078FC9B /* MapViewController.m in Sources */ = {isa = PBXBuildFile; fileRef = E215102318906D400078FC9B /* MapViewController.m */; };
		E2477BCD188BED60008372C3 /* Foundation.framework in Frameworks */ = {isa = PBXBuildFile; fileRef = E2477BCC188BED60008372C3 /* Foundation.framework */; };
		E2477BCF188BED60008372C3 /* CoreGraphics.framework in Frameworks */ = {isa = PBXBuildFile; fileRef = E2477BCE188BED60008372C3 /* CoreGraphics.framework */; };
		E2477BD1188BED60008372C3 /* UIKit.framework in Frameworks */ = {isa = PBXBuildFile; fileRef = E2477BD0188BED60008372C3 /* UIKit.framework */; };
		E2477BD7188BED60008372C3 /* InfoPlist.strings in Resources */ = {isa = PBXBuildFile; fileRef = E2477BD5188BED60008372C3 /* InfoPlist.strings */; };
		E2477BD9188BED60008372C3 /* main.m in Sources */ = {isa = PBXBuildFile; fileRef = E2477BD8188BED60008372C3 /* main.m */; };
		E2477BDD188BED60008372C3 /* AppDelegate.m in Sources */ = {isa = PBXBuildFile; fileRef = E2477BDC188BED60008372C3 /* AppDelegate.m */; };
		E2477BE3188BED60008372C3 /* LoginViewController.m in Sources */ = {isa = PBXBuildFile; fileRef = E2477BE2188BED60008372C3 /* LoginViewController.m */; };
		E2477BE5188BED60008372C3 /* Images.xcassets in Resources */ = {isa = PBXBuildFile; fileRef = E2477BE4188BED60008372C3 /* Images.xcassets */; };
		E2477BEC188BED60008372C3 /* XCTest.framework in Frameworks */ = {isa = PBXBuildFile; fileRef = E2477BEB188BED60008372C3 /* XCTest.framework */; };
		E2477BED188BED60008372C3 /* Foundation.framework in Frameworks */ = {isa = PBXBuildFile; fileRef = E2477BCC188BED60008372C3 /* Foundation.framework */; };
		E2477BEE188BED60008372C3 /* UIKit.framework in Frameworks */ = {isa = PBXBuildFile; fileRef = E2477BD0188BED60008372C3 /* UIKit.framework */; };
		E2477BF6188BED60008372C3 /* InfoPlist.strings in Resources */ = {isa = PBXBuildFile; fileRef = E2477BF4188BED60008372C3 /* InfoPlist.strings */; };
		E2477BF8188BED60008372C3 /* MarshrutkiTests.m in Sources */ = {isa = PBXBuildFile; fileRef = E2477BF7188BED60008372C3 /* MarshrutkiTests.m */; };
		E2477C04188BEF19008372C3 /* Route.m in Sources */ = {isa = PBXBuildFile; fileRef = E2477C03188BEF19008372C3 /* Route.m */; };
		E2477C07188BEFED008372C3 /* Vehicle.m in Sources */ = {isa = PBXBuildFile; fileRef = E2477C06188BEFED008372C3 /* Vehicle.m */; };
		E2477C0A188BF05A008372C3 /* Bus.m in Sources */ = {isa = PBXBuildFile; fileRef = E2477C09188BF05A008372C3 /* Bus.m */; };
		E2477C0D188BF107008372C3 /* User.m in Sources */ = {isa = PBXBuildFile; fileRef = E2477C0C188BF107008372C3 /* User.m */; };
		E281F05C189983DE00FA4B95 /* MarshrutkiApi.m in Sources */ = {isa = PBXBuildFile; fileRef = E281F05B189983DE00FA4B95 /* MarshrutkiApi.m */; };
		E281F06218999CDB00FA4B95 /* RouteDetailViewController.m in Sources */ = {isa = PBXBuildFile; fileRef = E281F06118999CDB00FA4B95 /* RouteDetailViewController.m */; };
		E2B1A1C118956E1C003F802F /* Main.storyboard in Resources */ = {isa = PBXBuildFile; fileRef = E2477BDE188BED60008372C3 /* Main.storyboard */; };
		E2B1A1C41895B930003F802F /* MySidePanelController.m in Sources */ = {isa = PBXBuildFile; fileRef = E2B1A1C31895B930003F802F /* MySidePanelController.m */; };
		E2B1A1CA1895C1DE003F802F /* RouteViewController.m in Sources */ = {isa = PBXBuildFile; fileRef = E2B1A1C91895C1DE003F802F /* RouteViewController.m */; };
/* End PBXBuildFile section */

/* Begin PBXContainerItemProxy section */
		E2477BEF188BED60008372C3 /* PBXContainerItemProxy */ = {
			isa = PBXContainerItemProxy;
			containerPortal = E2477BC1188BED60008372C3 /* Project object */;
			proxyType = 1;
			remoteGlobalIDString = E2477BC8188BED60008372C3;
			remoteInfo = Marshrutki;
		};
/* End PBXContainerItemProxy section */

/* Begin PBXFileReference section */
		9C2648B43D9E4DD9B6F93BF4 /* libPods.a */ = {isa = PBXFileReference; explicitFileType = archive.ar; includeInIndex = 0; path = libPods.a; sourceTree = BUILT_PRODUCTS_DIR; };
		BE3DDAF54AE643AFA230BC81 /* Pods.xcconfig */ = {isa = PBXFileReference; includeInIndex = 1; lastKnownFileType = text.xcconfig; name = Pods.xcconfig; path = Pods/Pods.xcconfig; sourceTree = "<group>"; };
		E215102218906D400078FC9B /* MapViewController.h */ = {isa = PBXFileReference; fileEncoding = 4; lastKnownFileType = sourcecode.c.h; name = MapViewController.h; path = ViewControllers/MapViewController.h; sourceTree = "<group>"; };
		E215102318906D400078FC9B /* MapViewController.m */ = {isa = PBXFileReference; fileEncoding = 4; lastKnownFileType = sourcecode.c.objc; name = MapViewController.m; path = ViewControllers/MapViewController.m; sourceTree = "<group>"; };
		E2477BC9188BED60008372C3 /* Marshrutki.app */ = {isa = PBXFileReference; explicitFileType = wrapper.application; includeInIndex = 0; path = Marshrutki.app; sourceTree = BUILT_PRODUCTS_DIR; };
		E2477BCC188BED60008372C3 /* Foundation.framework */ = {isa = PBXFileReference; lastKnownFileType = wrapper.framework; name = Foundation.framework; path = System/Library/Frameworks/Foundation.framework; sourceTree = SDKROOT; };
		E2477BCE188BED60008372C3 /* CoreGraphics.framework */ = {isa = PBXFileReference; lastKnownFileType = wrapper.framework; name = CoreGraphics.framework; path = System/Library/Frameworks/CoreGraphics.framework; sourceTree = SDKROOT; };
		E2477BD0188BED60008372C3 /* UIKit.framework */ = {isa = PBXFileReference; lastKnownFileType = wrapper.framework; name = UIKit.framework; path = System/Library/Frameworks/UIKit.framework; sourceTree = SDKROOT; };
		E2477BD4188BED60008372C3 /* Marshrutki-Info.plist */ = {isa = PBXFileReference; lastKnownFileType = text.plist.xml; path = "Marshrutki-Info.plist"; sourceTree = "<group>"; };
		E2477BD6188BED60008372C3 /* en */ = {isa = PBXFileReference; lastKnownFileType = text.plist.strings; name = en; path = en.lproj/InfoPlist.strings; sourceTree = "<group>"; };
		E2477BD8188BED60008372C3 /* main.m */ = {isa = PBXFileReference; lastKnownFileType = sourcecode.c.objc; path = main.m; sourceTree = "<group>"; };
		E2477BDA188BED60008372C3 /* Marshrutki-Prefix.pch */ = {isa = PBXFileReference; lastKnownFileType = sourcecode.c.h; path = "Marshrutki-Prefix.pch"; sourceTree = "<group>"; };
		E2477BDB188BED60008372C3 /* AppDelegate.h */ = {isa = PBXFileReference; lastKnownFileType = sourcecode.c.h; path = AppDelegate.h; sourceTree = "<group>"; };
		E2477BDC188BED60008372C3 /* AppDelegate.m */ = {isa = PBXFileReference; lastKnownFileType = sourcecode.c.objc; path = AppDelegate.m; sourceTree = "<group>"; };
		E2477BDF188BED60008372C3 /* Base */ = {isa = PBXFileReference; lastKnownFileType = file.storyboard; name = Base; path = Base.lproj/Main.storyboard; sourceTree = "<group>"; };
		E2477BE1188BED60008372C3 /* LoginViewController.h */ = {isa = PBXFileReference; lastKnownFileType = sourcecode.c.h; path = LoginViewController.h; sourceTree = "<group>"; };
		E2477BE2188BED60008372C3 /* LoginViewController.m */ = {isa = PBXFileReference; lastKnownFileType = sourcecode.c.objc; path = LoginViewController.m; sourceTree = "<group>"; };
		E2477BE4188BED60008372C3 /* Images.xcassets */ = {isa = PBXFileReference; lastKnownFileType = folder.assetcatalog; path = Images.xcassets; sourceTree = "<group>"; };
		E2477BEA188BED60008372C3 /* MarshrutkiTests.xctest */ = {isa = PBXFileReference; explicitFileType = wrapper.cfbundle; includeInIndex = 0; path = MarshrutkiTests.xctest; sourceTree = BUILT_PRODUCTS_DIR; };
		E2477BEB188BED60008372C3 /* XCTest.framework */ = {isa = PBXFileReference; lastKnownFileType = wrapper.framework; name = XCTest.framework; path = Library/Frameworks/XCTest.framework; sourceTree = DEVELOPER_DIR; };
		E2477BF3188BED60008372C3 /* MarshrutkiTests-Info.plist */ = {isa = PBXFileReference; lastKnownFileType = text.plist.xml; path = "MarshrutkiTests-Info.plist"; sourceTree = "<group>"; };
		E2477BF5188BED60008372C3 /* en */ = {isa = PBXFileReference; lastKnownFileType = text.plist.strings; name = en; path = en.lproj/InfoPlist.strings; sourceTree = "<group>"; };
		E2477BF7188BED60008372C3 /* MarshrutkiTests.m */ = {isa = PBXFileReference; lastKnownFileType = sourcecode.c.objc; path = MarshrutkiTests.m; sourceTree = "<group>"; };
		E2477C02188BEF19008372C3 /* Route.h */ = {isa = PBXFileReference; fileEncoding = 4; lastKnownFileType = sourcecode.c.h; name = Route.h; path = Model/Route.h; sourceTree = "<group>"; };
		E2477C03188BEF19008372C3 /* Route.m */ = {isa = PBXFileReference; fileEncoding = 4; lastKnownFileType = sourcecode.c.objc; name = Route.m; path = Model/Route.m; sourceTree = "<group>"; };
		E2477C05188BEFED008372C3 /* Vehicle.h */ = {isa = PBXFileReference; fileEncoding = 4; lastKnownFileType = sourcecode.c.h; name = Vehicle.h; path = Model/Vehicle.h; sourceTree = "<group>"; };
		E2477C06188BEFED008372C3 /* Vehicle.m */ = {isa = PBXFileReference; fileEncoding = 4; lastKnownFileType = sourcecode.c.objc; name = Vehicle.m; path = Model/Vehicle.m; sourceTree = "<group>"; };
		E2477C08188BF05A008372C3 /* Bus.h */ = {isa = PBXFileReference; fileEncoding = 4; lastKnownFileType = sourcecode.c.h; name = Bus.h; path = Model/Bus.h; sourceTree = "<group>"; };
		E2477C09188BF05A008372C3 /* Bus.m */ = {isa = PBXFileReference; fileEncoding = 4; lastKnownFileType = sourcecode.c.objc; name = Bus.m; path = Model/Bus.m; sourceTree = "<group>"; };
		E2477C0B188BF107008372C3 /* User.h */ = {isa = PBXFileReference; fileEncoding = 4; lastKnownFileType = sourcecode.c.h; name = User.h; path = Model/User.h; sourceTree = "<group>"; };
		E2477C0C188BF107008372C3 /* User.m */ = {isa = PBXFileReference; fileEncoding = 4; lastKnownFileType = sourcecode.c.objc; name = User.m; path = Model/User.m; sourceTree = "<group>"; };
		E2651EF41890843400B7E5EA /* libPods.a */ = {isa = PBXFileReference; lastKnownFileType = archive.ar; name = libPods.a; path = "Pods/build/Debug-iphoneos/libPods.a"; sourceTree = "<group>"; };
		E281F05A189983DE00FA4B95 /* MarshrutkiApi.h */ = {isa = PBXFileReference; fileEncoding = 4; lastKnownFileType = sourcecode.c.h; name = MarshrutkiApi.h; path = Model/MarshrutkiApi.h; sourceTree = "<group>"; };
		E281F05B189983DE00FA4B95 /* MarshrutkiApi.m */ = {isa = PBXFileReference; fileEncoding = 4; lastKnownFileType = sourcecode.c.objc; name = MarshrutkiApi.m; path = Model/MarshrutkiApi.m; sourceTree = "<group>"; };
		E281F05F1899865400FA4B95 /* Base.h */ = {isa = PBXFileReference; fileEncoding = 4; lastKnownFileType = sourcecode.c.h; name = Base.h; path = Config/Base.h; sourceTree = "<group>"; };
		E281F06018999CDB00FA4B95 /* RouteDetailViewController.h */ = {isa = PBXFileReference; fileEncoding = 4; lastKnownFileType = sourcecode.c.h; name = RouteDetailViewController.h; path = ViewControllers/RouteDetailViewController.h; sourceTree = "<group>"; };
		E281F06118999CDB00FA4B95 /* RouteDetailViewController.m */ = {isa = PBXFileReference; fileEncoding = 4; lastKnownFileType = sourcecode.c.objc; name = RouteDetailViewController.m; path = ViewControllers/RouteDetailViewController.m; sourceTree = "<group>"; };
		E281F0631899A20A00FA4B95 /* Events.h */ = {isa = PBXFileReference; fileEncoding = 4; lastKnownFileType = sourcecode.c.h; name = Events.h; path = Config/Events.h; sourceTree = "<group>"; };
		E2B1A1C21895B930003F802F /* MySidePanelController.h */ = {isa = PBXFileReference; fileEncoding = 4; lastKnownFileType = sourcecode.c.h; name = MySidePanelController.h; path = ViewControllers/MySidePanelController.h; sourceTree = "<group>"; };
		E2B1A1C31895B930003F802F /* MySidePanelController.m */ = {isa = PBXFileReference; fileEncoding = 4; lastKnownFileType = sourcecode.c.objc; name = MySidePanelController.m; path = ViewControllers/MySidePanelController.m; sourceTree = "<group>"; };
		E2B1A1C81895C1DE003F802F /* RouteViewController.h */ = {isa = PBXFileReference; fileEncoding = 4; lastKnownFileType = sourcecode.c.h; name = RouteViewController.h; path = ViewControllers/RouteViewController.h; sourceTree = "<group>"; };
		E2B1A1C91895C1DE003F802F /* RouteViewController.m */ = {isa = PBXFileReference; fileEncoding = 4; lastKnownFileType = sourcecode.c.objc; name = RouteViewController.m; path = ViewControllers/RouteViewController.m; sourceTree = "<group>"; };
/* End PBXFileReference section */

/* Begin PBXFrameworksBuildPhase section */
		E2477BC6188BED60008372C3 /* Frameworks */ = {
			isa = PBXFrameworksBuildPhase;
			buildActionMask = 2147483647;
			files = (
				E2477BCF188BED60008372C3 /* CoreGraphics.framework in Frameworks */,
				E2477BD1188BED60008372C3 /* UIKit.framework in Frameworks */,
				E2477BCD188BED60008372C3 /* Foundation.framework in Frameworks */,
				C9C7AB6884384EFC8A1A0D0C /* libPods.a in Frameworks */,
			);
			runOnlyForDeploymentPostprocessing = 0;
		};
		E2477BE7188BED60008372C3 /* Frameworks */ = {
			isa = PBXFrameworksBuildPhase;
			buildActionMask = 2147483647;
			files = (
				E2477BEC188BED60008372C3 /* XCTest.framework in Frameworks */,
				E2477BEE188BED60008372C3 /* UIKit.framework in Frameworks */,
				E2477BED188BED60008372C3 /* Foundation.framework in Frameworks */,
			);
			runOnlyForDeploymentPostprocessing = 0;
		};
/* End PBXFrameworksBuildPhase section */

/* Begin PBXGroup section */
		E2151021189062870078FC9B /* ViewControllers */ = {
			isa = PBXGroup;
			children = (
				E2477BE1188BED60008372C3 /* LoginViewController.h */,
				E2477BE2188BED60008372C3 /* LoginViewController.m */,
				E215102218906D400078FC9B /* MapViewController.h */,
				E215102318906D400078FC9B /* MapViewController.m */,
				E2B1A1C21895B930003F802F /* MySidePanelController.h */,
				E2B1A1C31895B930003F802F /* MySidePanelController.m */,
				E2B1A1C81895C1DE003F802F /* RouteViewController.h */,
				E2B1A1C91895C1DE003F802F /* RouteViewController.m */,
				E281F06018999CDB00FA4B95 /* RouteDetailViewController.h */,
				E281F06118999CDB00FA4B95 /* RouteDetailViewController.m */,
			);
			name = ViewControllers;
			sourceTree = "<group>";
		};
		E2477BC0188BED60008372C3 = {
			isa = PBXGroup;
			children = (
				E2477BD2188BED60008372C3 /* Marshrutki */,
				E2477BF1188BED60008372C3 /* MarshrutkiTests */,
				E2477BCB188BED60008372C3 /* Frameworks */,
				E2477BCA188BED60008372C3 /* Products */,
				BE3DDAF54AE643AFA230BC81 /* Pods.xcconfig */,
			);
			sourceTree = "<group>";
		};
		E2477BCA188BED60008372C3 /* Products */ = {
			isa = PBXGroup;
			children = (
				E2477BC9188BED60008372C3 /* Marshrutki.app */,
				E2477BEA188BED60008372C3 /* MarshrutkiTests.xctest */,
			);
			name = Products;
			sourceTree = "<group>";
		};
		E2477BCB188BED60008372C3 /* Frameworks */ = {
			isa = PBXGroup;
			children = (
				E2651EF41890843400B7E5EA /* libPods.a */,
				E2477BCC188BED60008372C3 /* Foundation.framework */,
				E2477BCE188BED60008372C3 /* CoreGraphics.framework */,
				E2477BD0188BED60008372C3 /* UIKit.framework */,
				E2477BEB188BED60008372C3 /* XCTest.framework */,
				9C2648B43D9E4DD9B6F93BF4 /* libPods.a */,
			);
			name = Frameworks;
			sourceTree = "<group>";
		};
		E2477BD2188BED60008372C3 /* Marshrutki */ = {
			isa = PBXGroup;
			children = (
				E281F05D189985E800FA4B95 /* Config */,
				E2151021189062870078FC9B /* ViewControllers */,
				E2477C01188BEDD3008372C3 /* Model */,
				E2477BDB188BED60008372C3 /* AppDelegate.h */,
				E2477BDC188BED60008372C3 /* AppDelegate.m */,
				E2477BDE188BED60008372C3 /* Main.storyboard */,
				E2477BE4188BED60008372C3 /* Images.xcassets */,
				E2477BD3188BED60008372C3 /* Supporting Files */,
			);
			path = Marshrutki;
			sourceTree = "<group>";
		};
		E2477BD3188BED60008372C3 /* Supporting Files */ = {
			isa = PBXGroup;
			children = (
				E2477BD4188BED60008372C3 /* Marshrutki-Info.plist */,
				E2477BD5188BED60008372C3 /* InfoPlist.strings */,
				E2477BD8188BED60008372C3 /* main.m */,
				E2477BDA188BED60008372C3 /* Marshrutki-Prefix.pch */,
			);
			name = "Supporting Files";
			sourceTree = "<group>";
		};
		E2477BF1188BED60008372C3 /* MarshrutkiTests */ = {
			isa = PBXGroup;
			children = (
				E2477BF7188BED60008372C3 /* MarshrutkiTests.m */,
				E2477BF2188BED60008372C3 /* Supporting Files */,
			);
			path = MarshrutkiTests;
			sourceTree = "<group>";
		};
		E2477BF2188BED60008372C3 /* Supporting Files */ = {
			isa = PBXGroup;
			children = (
				E2477BF3188BED60008372C3 /* MarshrutkiTests-Info.plist */,
				E2477BF4188BED60008372C3 /* InfoPlist.strings */,
			);
			name = "Supporting Files";
			sourceTree = "<group>";
		};
		E2477C01188BEDD3008372C3 /* Model */ = {
			isa = PBXGroup;
			children = (
				E2477C02188BEF19008372C3 /* Route.h */,
				E2477C03188BEF19008372C3 /* Route.m */,
				E2477C05188BEFED008372C3 /* Vehicle.h */,
				E2477C06188BEFED008372C3 /* Vehicle.m */,
				E2477C08188BF05A008372C3 /* Bus.h */,
				E2477C09188BF05A008372C3 /* Bus.m */,
				E2477C0B188BF107008372C3 /* User.h */,
				E2477C0C188BF107008372C3 /* User.m */,
				E281F05A189983DE00FA4B95 /* MarshrutkiApi.h */,
				E281F05B189983DE00FA4B95 /* MarshrutkiApi.m */,
			);
			name = Model;
			sourceTree = "<group>";
		};
		E281F05D189985E800FA4B95 /* Config */ = {
			isa = PBXGroup;
			children = (
				E281F05F1899865400FA4B95 /* Base.h */,
				E281F0631899A20A00FA4B95 /* Events.h */,
			);
			name = Config;
			sourceTree = "<group>";
		};
/* End PBXGroup section */

/* Begin PBXNativeTarget section */
		E2477BC8188BED60008372C3 /* Marshrutki */ = {
			isa = PBXNativeTarget;
			buildConfigurationList = E2477BFB188BED60008372C3 /* Build configuration list for PBXNativeTarget "Marshrutki" */;
			buildPhases = (
				39F8A7578F8F40B8B3A2FC4E /* Check Pods Manifest.lock */,
				E2477BC5188BED60008372C3 /* Sources */,
				E2477BC6188BED60008372C3 /* Frameworks */,
				E2477BC7188BED60008372C3 /* Resources */,
				8DF85E2A427B479CBB56F09F /* Copy Pods Resources */,
			);
			buildRules = (
			);
			dependencies = (
			);
			name = Marshrutki;
			productName = Marshrutki;
			productReference = E2477BC9188BED60008372C3 /* Marshrutki.app */;
			productType = "com.apple.product-type.application";
		};
		E2477BE9188BED60008372C3 /* MarshrutkiTests */ = {
			isa = PBXNativeTarget;
			buildConfigurationList = E2477BFE188BED60008372C3 /* Build configuration list for PBXNativeTarget "MarshrutkiTests" */;
			buildPhases = (
				E2477BE6188BED60008372C3 /* Sources */,
				E2477BE7188BED60008372C3 /* Frameworks */,
				E2477BE8188BED60008372C3 /* Resources */,
			);
			buildRules = (
			);
			dependencies = (
				E2477BF0188BED60008372C3 /* PBXTargetDependency */,
			);
			name = MarshrutkiTests;
			productName = MarshrutkiTests;
			productReference = E2477BEA188BED60008372C3 /* MarshrutkiTests.xctest */;
			productType = "com.apple.product-type.bundle.unit-test";
		};
/* End PBXNativeTarget section */

/* Begin PBXProject section */
		E2477BC1188BED60008372C3 /* Project object */ = {
			isa = PBXProject;
			attributes = {
				LastUpgradeCheck = 0500;
				ORGANIZATIONNAME = casperWWW;
				TargetAttributes = {
					E2477BE9188BED60008372C3 = {
						TestTargetID = E2477BC8188BED60008372C3;
					};
				};
			};
			buildConfigurationList = E2477BC4188BED60008372C3 /* Build configuration list for PBXProject "Marshrutki" */;
			compatibilityVersion = "Xcode 3.2";
			developmentRegion = English;
			hasScannedForEncodings = 0;
			knownRegions = (
				en,
				Base,
			);
			mainGroup = E2477BC0188BED60008372C3;
			productRefGroup = E2477BCA188BED60008372C3 /* Products */;
			projectDirPath = "";
			projectRoot = "";
			targets = (
				E2477BC8188BED60008372C3 /* Marshrutki */,
				E2477BE9188BED60008372C3 /* MarshrutkiTests */,
			);
		};
/* End PBXProject section */

/* Begin PBXResourcesBuildPhase section */
		E2477BC7188BED60008372C3 /* Resources */ = {
			isa = PBXResourcesBuildPhase;
			buildActionMask = 2147483647;
			files = (
				E2477BE5188BED60008372C3 /* Images.xcassets in Resources */,
				E2477BD7188BED60008372C3 /* InfoPlist.strings in Resources */,
				E2B1A1C118956E1C003F802F /* Main.storyboard in Resources */,
			);
			runOnlyForDeploymentPostprocessing = 0;
		};
		E2477BE8188BED60008372C3 /* Resources */ = {
			isa = PBXResourcesBuildPhase;
			buildActionMask = 2147483647;
			files = (
				E2477BF6188BED60008372C3 /* InfoPlist.strings in Resources */,
			);
			runOnlyForDeploymentPostprocessing = 0;
		};
/* End PBXResourcesBuildPhase section */

/* Begin PBXShellScriptBuildPhase section */
		39F8A7578F8F40B8B3A2FC4E /* Check Pods Manifest.lock */ = {
			isa = PBXShellScriptBuildPhase;
			buildActionMask = 2147483647;
			files = (
			);
			inputPaths = (
			);
			name = "Check Pods Manifest.lock";
			outputPaths = (
			);
			runOnlyForDeploymentPostprocessing = 0;
			shellPath = /bin/sh;
			shellScript = "diff \"${PODS_ROOT}/../Podfile.lock\" \"${PODS_ROOT}/Manifest.lock\" > /dev/null\nif [[ $? != 0 ]] ; then\n    cat << EOM\nerror: The sandbox is not in sync with the Podfile.lock. Run 'pod install' or update your CocoaPods installation.\nEOM\n    exit 1\nfi\n";
			showEnvVarsInLog = 0;
		};
		8DF85E2A427B479CBB56F09F /* Copy Pods Resources */ = {
			isa = PBXShellScriptBuildPhase;
			buildActionMask = 2147483647;
			files = (
			);
			inputPaths = (
			);
			name = "Copy Pods Resources";
			outputPaths = (
			);
			runOnlyForDeploymentPostprocessing = 0;
			shellPath = /bin/sh;
			shellScript = "\"${SRCROOT}/Pods/Pods-resources.sh\"\n";
			showEnvVarsInLog = 0;
		};
/* End PBXShellScriptBuildPhase section */

/* Begin PBXSourcesBuildPhase section */
		E2477BC5188BED60008372C3 /* Sources */ = {
			isa = PBXSourcesBuildPhase;
			buildActionMask = 2147483647;
			files = (
				E2477C0A188BF05A008372C3 /* Bus.m in Sources */,
				E2477C0D188BF107008372C3 /* User.m in Sources */,
				E281F05C189983DE00FA4B95 /* MarshrutkiApi.m in Sources */,
				E2B1A1CA1895C1DE003F802F /* RouteViewController.m in Sources */,
				E2477BE3188BED60008372C3 /* LoginViewController.m in Sources */,
				E215102418906D400078FC9B /* MapViewController.m in Sources */,
				E2477C04188BEF19008372C3 /* Route.m in Sources */,
				E2477BDD188BED60008372C3 /* AppDelegate.m in Sources */,
				E2477BD9188BED60008372C3 /* main.m in Sources */,
				E2477C07188BEFED008372C3 /* Vehicle.m in Sources */,
				E2B1A1C41895B930003F802F /* MySidePanelController.m in Sources */,
				E281F06218999CDB00FA4B95 /* RouteDetailViewController.m in Sources */,
			);
			runOnlyForDeploymentPostprocessing = 0;
		};
		E2477BE6188BED60008372C3 /* Sources */ = {
			isa = PBXSourcesBuildPhase;
			buildActionMask = 2147483647;
			files = (
				E2477BF8188BED60008372C3 /* MarshrutkiTests.m in Sources */,
			);
			runOnlyForDeploymentPostprocessing = 0;
		};
/* End PBXSourcesBuildPhase section */

/* Begin PBXTargetDependency section */
		E2477BF0188BED60008372C3 /* PBXTargetDependency */ = {
			isa = PBXTargetDependency;
			target = E2477BC8188BED60008372C3 /* Marshrutki */;
			targetProxy = E2477BEF188BED60008372C3 /* PBXContainerItemProxy */;
		};
/* End PBXTargetDependency section */

/* Begin PBXVariantGroup section */
		E2477BD5188BED60008372C3 /* InfoPlist.strings */ = {
			isa = PBXVariantGroup;
			children = (
				E2477BD6188BED60008372C3 /* en */,
			);
			name = InfoPlist.strings;
			sourceTree = "<group>";
		};
		E2477BDE188BED60008372C3 /* Main.storyboard */ = {
			isa = PBXVariantGroup;
			children = (
				E2477BDF188BED60008372C3 /* Base */,
			);
			name = Main.storyboard;
			sourceTree = "<group>";
		};
		E2477BF4188BED60008372C3 /* InfoPlist.strings */ = {
			isa = PBXVariantGroup;
			children = (
				E2477BF5188BED60008372C3 /* en */,
			);
			name = InfoPlist.strings;
			sourceTree = "<group>";
		};
/* End PBXVariantGroup section */

/* Begin XCBuildConfiguration section */
		E2477BF9188BED60008372C3 /* Debug */ = {
			isa = XCBuildConfiguration;
			buildSettings = {
				ALWAYS_SEARCH_USER_PATHS = NO;
				ARCHS = "$(ARCHS_STANDARD_INCLUDING_64_BIT)";
				CLANG_CXX_LANGUAGE_STANDARD = "gnu++0x";
				CLANG_CXX_LIBRARY = "libc++";
				CLANG_ENABLE_MODULES = YES;
				CLANG_ENABLE_OBJC_ARC = YES;
				CLANG_WARN_BOOL_CONVERSION = YES;
				CLANG_WARN_CONSTANT_CONVERSION = YES;
				CLANG_WARN_DIRECT_OBJC_ISA_USAGE = YES_ERROR;
				CLANG_WARN_EMPTY_BODY = YES;
				CLANG_WARN_ENUM_CONVERSION = YES;
				CLANG_WARN_INT_CONVERSION = YES;
				CLANG_WARN_OBJC_ROOT_CLASS = YES_ERROR;
				CLANG_WARN__DUPLICATE_METHOD_MATCH = YES;
				"CODE_SIGN_IDENTITY[sdk=iphoneos*]" = "iPhone Developer";
				COPY_PHASE_STRIP = NO;
				GCC_C_LANGUAGE_STANDARD = gnu99;
				GCC_DYNAMIC_NO_PIC = NO;
				GCC_OPTIMIZATION_LEVEL = 0;
				GCC_PREPROCESSOR_DEFINITIONS = (
					"DEBUG=1",
					"$(inherited)",
				);
				GCC_SYMBOLS_PRIVATE_EXTERN = NO;
				GCC_WARN_64_TO_32_BIT_CONVERSION = YES;
				GCC_WARN_ABOUT_RETURN_TYPE = YES_ERROR;
				GCC_WARN_UNDECLARED_SELECTOR = YES;
				GCC_WARN_UNINITIALIZED_AUTOS = YES;
				GCC_WARN_UNUSED_FUNCTION = YES;
				GCC_WARN_UNUSED_VARIABLE = YES;
				IPHONEOS_DEPLOYMENT_TARGET = 7.0;
				ONLY_ACTIVE_ARCH = YES;
				SDKROOT = iphoneos;
			};
			name = Debug;
		};
		E2477BFA188BED60008372C3 /* Release */ = {
			isa = XCBuildConfiguration;
			buildSettings = {
				ALWAYS_SEARCH_USER_PATHS = NO;
				ARCHS = "$(ARCHS_STANDARD_INCLUDING_64_BIT)";
				CLANG_CXX_LANGUAGE_STANDARD = "gnu++0x";
				CLANG_CXX_LIBRARY = "libc++";
				CLANG_ENABLE_MODULES = YES;
				CLANG_ENABLE_OBJC_ARC = YES;
				CLANG_WARN_BOOL_CONVERSION = YES;
				CLANG_WARN_CONSTANT_CONVERSION = YES;
				CLANG_WARN_DIRECT_OBJC_ISA_USAGE = YES_ERROR;
				CLANG_WARN_EMPTY_BODY = YES;
				CLANG_WARN_ENUM_CONVERSION = YES;
				CLANG_WARN_INT_CONVERSION = YES;
				CLANG_WARN_OBJC_ROOT_CLASS = YES_ERROR;
				CLANG_WARN__DUPLICATE_METHOD_MATCH = YES;
				"CODE_SIGN_IDENTITY[sdk=iphoneos*]" = "iPhone Developer";
				COPY_PHASE_STRIP = YES;
				ENABLE_NS_ASSERTIONS = NO;
				GCC_C_LANGUAGE_STANDARD = gnu99;
				GCC_WARN_64_TO_32_BIT_CONVERSION = YES;
				GCC_WARN_ABOUT_RETURN_TYPE = YES_ERROR;
				GCC_WARN_UNDECLARED_SELECTOR = YES;
				GCC_WARN_UNINITIALIZED_AUTOS = YES;
				GCC_WARN_UNUSED_FUNCTION = YES;
				GCC_WARN_UNUSED_VARIABLE = YES;
				IPHONEOS_DEPLOYMENT_TARGET = 7.0;
				SDKROOT = iphoneos;
				VALIDATE_PRODUCT = YES;
			};
			name = Release;
		};
		E2477BFC188BED60008372C3 /* Debug */ = {
			isa = XCBuildConfiguration;
			baseConfigurationReference = BE3DDAF54AE643AFA230BC81 /* Pods.xcconfig */;
			buildSettings = {
				ASSETCATALOG_COMPILER_APPICON_NAME = AppIcon;
				ASSETCATALOG_COMPILER_LAUNCHIMAGE_NAME = LaunchImage;
				GCC_PRECOMPILE_PREFIX_HEADER = YES;
				GCC_PREFIX_HEADER = "Marshrutki/Marshrutki-Prefix.pch";
				INFOPLIST_FILE = "$(SRCROOT)/Marshrutki/Marshrutki-Info.plist";
				PRODUCT_NAME = "$(TARGET_NAME)";
				WRAPPER_EXTENSION = app;
			};
			name = Debug;
		};
		E2477BFD188BED60008372C3 /* Release */ = {
			isa = XCBuildConfiguration;
			baseConfigurationReference = BE3DDAF54AE643AFA230BC81 /* Pods.xcconfig */;
			buildSettings = {
				ASSETCATALOG_COMPILER_APPICON_NAME = AppIcon;
				ASSETCATALOG_COMPILER_LAUNCHIMAGE_NAME = LaunchImage;
				GCC_PRECOMPILE_PREFIX_HEADER = YES;
				GCC_PREFIX_HEADER = "Marshrutki/Marshrutki-Prefix.pch";
				INFOPLIST_FILE = "$(SRCROOT)/Marshrutki/Marshrutki-Info.plist";
				PRODUCT_NAME = "$(TARGET_NAME)";
				WRAPPER_EXTENSION = app;
			};
			name = Release;
		};
		E2477BFF188BED60008372C3 /* Debug */ = {
			isa = XCBuildConfiguration;
			buildSettings = {
				ARCHS = "$(ARCHS_STANDARD_INCLUDING_64_BIT)";
				BUNDLE_LOADER = "$(BUILT_PRODUCTS_DIR)/Marshrutki.app/Marshrutki";
				FRAMEWORK_SEARCH_PATHS = (
					"$(SDKROOT)/Developer/Library/Frameworks",
					"$(inherited)",
					"$(DEVELOPER_FRAMEWORKS_DIR)",
				);
				GCC_PRECOMPILE_PREFIX_HEADER = YES;
				GCC_PREFIX_HEADER = "Marshrutki/Marshrutki-Prefix.pch";
				GCC_PREPROCESSOR_DEFINITIONS = (
					"DEBUG=1",
					"$(inherited)",
				);
				INFOPLIST_FILE = "MarshrutkiTests/MarshrutkiTests-Info.plist";
				PRODUCT_NAME = "$(TARGET_NAME)";
				TEST_HOST = "$(BUNDLE_LOADER)";
				WRAPPER_EXTENSION = xctest;
			};
			name = Debug;
		};
		E2477C00188BED60008372C3 /* Release */ = {
			isa = XCBuildConfiguration;
			buildSettings = {
				ARCHS = "$(ARCHS_STANDARD_INCLUDING_64_BIT)";
				BUNDLE_LOADER = "$(BUILT_PRODUCTS_DIR)/Marshrutki.app/Marshrutki";
				FRAMEWORK_SEARCH_PATHS = (
					"$(SDKROOT)/Developer/Library/Frameworks",
					"$(inherited)",
					"$(DEVELOPER_FRAMEWORKS_DIR)",
				);
				GCC_PRECOMPILE_PREFIX_HEADER = YES;
				GCC_PREFIX_HEADER = "Marshrutki/Marshrutki-Prefix.pch";
				INFOPLIST_FILE = "MarshrutkiTests/MarshrutkiTests-Info.plist";
				PRODUCT_NAME = "$(TARGET_NAME)";
				TEST_HOST = "$(BUNDLE_LOADER)";
				WRAPPER_EXTENSION = xctest;
			};
			name = Release;
		};
/* End XCBuildConfiguration section */

/* Begin XCConfigurationList section */
		E2477BC4188BED60008372C3 /* Build configuration list for PBXProject "Marshrutki" */ = {
			isa = XCConfigurationList;
			buildConfigurations = (
				E2477BF9188BED60008372C3 /* Debug */,
				E2477BFA188BED60008372C3 /* Release */,
			);
			defaultConfigurationIsVisible = 0;
			defaultConfigurationName = Release;
		};
		E2477BFB188BED60008372C3 /* Build configuration list for PBXNativeTarget "Marshrutki" */ = {
			isa = XCConfigurationList;
			buildConfigurations = (
				E2477BFC188BED60008372C3 /* Debug */,
				E2477BFD188BED60008372C3 /* Release */,
			);
			defaultConfigurationIsVisible = 0;
			defaultConfigurationName = Release;
		};
		E2477BFE188BED60008372C3 /* Build configuration list for PBXNativeTarget "MarshrutkiTests" */ = {
			isa = XCConfigurationList;
			buildConfigurations = (
				E2477BFF188BED60008372C3 /* Debug */,
				E2477C00188BED60008372C3 /* Release */,
			);
			defaultConfigurationIsVisible = 0;
			defaultConfigurationName = Release;
		};
/* End XCConfigurationList section */
	};
	rootObject = E2477BC1188BED60008372C3 /* Project object */;
}
